
Microsoft Visual Studio Solution File, Format Version 12.00
# Visual Studio Version 16
VisualStudioVersion = 16.0.30413.136
MinimumVisualStudioVersion = 10.0.40219.1
Project("{888888A0-9F3D-457C-B088-3A5042F75D52}") = "TIC_TAE_TOE using PYTHON", "TIC_TAE_TOE using PYTHON\TIC_TAE_TOE using PYTHON.pyproj", "{4FACB2C5-AA18-4C40-9F5D-B76084E1590D}"
EndProject
Global
	GlobalSection(SolutionConfigurationPlatforms) = preSolution
		Debug|Any CPU = Debug|Any CPU
		Release|Any CPU = Release|Any CPU
	EndGlobalSection
	GlobalSection(ProjectConfigurationPlatforms) = postSolution
		{4FACB2C5-AA18-4C40-9F5D-B76084E1590D}.Debug|Any CPU.ActiveCfg = Debug|Any CPU
		{4FACB2C5-AA18-4C40-9F5D-B76084E1590D}.Release|Any CPU.ActiveCfg = Release|Any CPU
	EndGlobalSection
	GlobalSection(SolutionProperties) = preSolution
		HideSolutionNode = FALSE
	EndGlobalSection
	GlobalSection(ExtensibilityGlobals) = postSolution
		SolutionGuid = {2F9F3FFD-F921-4C73-AB25-6013F45AD862}
	EndGlobalSection
EndGlobal
